
Microsoft Visual Studio Solution File, Format Version 12.00
Project("{FAE04EC0-301F-11D3-BF4B-00C04F79EFBC}") = "math-game", "math-game\math-game.csproj", "{33DF286A-035E-424E-98E1-307BB27D94E8}"
EndProject
Global
	GlobalSection(SolutionConfigurationPlatforms) = preSolution
		Debug|Any CPU = Debug|Any CPU
		Release|Any CPU = Release|Any CPU
	EndGlobalSection
	GlobalSection(ProjectConfigurationPlatforms) = postSolution
		{33DF286A-035E-424E-98E1-307BB27D94E8}.Debug|Any CPU.ActiveCfg = Debug|Any CPU
		{33DF286A-035E-424E-98E1-307BB27D94E8}.Debug|Any CPU.Build.0 = Debug|Any CPU
		{33DF286A-035E-424E-98E1-307BB27D94E8}.Release|Any CPU.ActiveCfg = Release|Any CPU
		{33DF286A-035E-424E-98E1-307BB27D94E8}.Release|Any CPU.Build.0 = Release|Any CPU
	EndGlobalSection
EndGlobal
